
Microsoft Visual Studio Solution File, Format Version 12.00
# Visual Studio Version 17
VisualStudioVersion = 17.0.31903.59
MinimumVisualStudioVersion = 10.0.40219.1
Project("{FAE04EC0-301F-11D3-BF4B-00C04F79EFBC}") = "API", "API\API.csproj", "{9C526494-8577-47D3-A5D1-5D6550763005}"
EndProject
Project("{FAE04EC0-301F-11D3-BF4B-00C04F79EFBC}") = "Infrastructure", "Infrastructure\Infrastructure.csproj", "{FBA1B069-8AE1-4CF8-A33F-45B9BF7992AD}"
EndProject
Project("{FAE04EC0-301F-11D3-BF4B-00C04F79EFBC}") = "Core", "Core\Core.csproj", "{81870A65-2327-4CD9-80E7-ED207C4910DE}"
EndProject
Global
	GlobalSection(SolutionConfigurationPlatforms) = preSolution
		Debug|Any CPU = Debug|Any CPU
		Release|Any CPU = Release|Any CPU
	EndGlobalSection
	GlobalSection(SolutionProperties) = preSolution
		HideSolutionNode = FALSE
	EndGlobalSection
	GlobalSection(ProjectConfigurationPlatforms) = postSolution
		{9C526494-8577-47D3-A5D1-5D6550763005}.Debug|Any CPU.ActiveCfg = Debug|Any CPU
		{9C526494-8577-47D3-A5D1-5D6550763005}.Debug|Any CPU.Build.0 = Debug|Any CPU
		{9C526494-8577-47D3-A5D1-5D6550763005}.Release|Any CPU.ActiveCfg = Release|Any CPU
		{9C526494-8577-47D3-A5D1-5D6550763005}.Release|Any CPU.Build.0 = Release|Any CPU
		{FBA1B069-8AE1-4CF8-A33F-45B9BF7992AD}.Debug|Any CPU.ActiveCfg = Debug|Any CPU
		{FBA1B069-8AE1-4CF8-A33F-45B9BF7992AD}.Debug|Any CPU.Build.0 = Debug|Any CPU
		{FBA1B069-8AE1-4CF8-A33F-45B9BF7992AD}.Release|Any CPU.ActiveCfg = Release|Any CPU
		{FBA1B069-8AE1-4CF8-A33F-45B9BF7992AD}.Release|Any CPU.Build.0 = Release|Any CPU
		{81870A65-2327-4CD9-80E7-ED207C4910DE}.Debug|Any CPU.ActiveCfg = Debug|Any CPU
		{81870A65-2327-4CD9-80E7-ED207C4910DE}.Debug|Any CPU.Build.0 = Debug|Any CPU
		{81870A65-2327-4CD9-80E7-ED207C4910DE}.Release|Any CPU.ActiveCfg = Release|Any CPU
		{81870A65-2327-4CD9-80E7-ED207C4910DE}.Release|Any CPU.Build.0 = Release|Any CPU
	EndGlobalSection
EndGlobal
